{
  "name": "anylint-vscode",
  "version": "0.1.0",
  "lockfileVersion": 3,
  "requires": true,
  "packages": {
    "": {
      "name": "anylint-vscode",
      "version": "0.1.0",
      "license": "MIT",
      "devDependencies": {
        "vscode": "file:test/vscode-mock"
      },
      "engines": {
        "vscode": "^1.75.0"
      }
    },
    "node_modules/vscode": {
      "version": "0.0.0",
      "resolved": "file:test/vscode-mock",
      "dev": true
    }
  }
}
